
Microsoft Visual Studio Solution File, Format Version 12.00
# Visual Studio 15
VisualStudioVersion = 15.0.27703.2000
MinimumVisualStudioVersion = 10.0.40219.1
Project("{9A19103F-16F7-4668-BE54-9A1E7A4F7556}") = "SalaryCapGames", "SalaryCapGames\SalaryCapGames.csproj", "{81C8CF15-203D-413D-B3EA-9A738002CFB6}"
EndProject
Project("{9A19103F-16F7-4668-BE54-9A1E7A4F7556}") = "SalaryCapData", "SalaryCapData\SalaryCapData.csproj", "{7AC2E549-B7D7-45C6-991D-3D76483DF91D}"
EndProject
Project("{9A19103F-16F7-4668-BE54-9A1E7A4F7556}") = "SalaryCapServices", "SalaryCapServices\SalaryCapServices.csproj", "{708FF28C-6720-41FC-918A-53B9B1B7F513}"
EndProject
Project("{FAE04EC0-301F-11D3-BF4B-00C04F79EFBC}") = "SalaryCapGames.Tests", "SalaryCapGames.Tests\SalaryCapGames.Tests.csproj", "{8010EA69-2F2D-4BEB-B64C-DF36BCD420AB}"
EndProject
Global
	GlobalSection(SolutionConfigurationPlatforms) = preSolution
		Debug|Any CPU = Debug|Any CPU
		Release|Any CPU = Release|Any CPU
	EndGlobalSection
	GlobalSection(ProjectConfigurationPlatforms) = postSolution
		{81C8CF15-203D-413D-B3EA-9A738002CFB6}.Debug|Any CPU.ActiveCfg = Debug|Any CPU
		{81C8CF15-203D-413D-B3EA-9A738002CFB6}.Debug|Any CPU.Build.0 = Debug|Any CPU
		{81C8CF15-203D-413D-B3EA-9A738002CFB6}.Release|Any CPU.ActiveCfg = Release|Any CPU
		{81C8CF15-203D-413D-B3EA-9A738002CFB6}.Release|Any CPU.Build.0 = Release|Any CPU
		{7AC2E549-B7D7-45C6-991D-3D76483DF91D}.Debug|Any CPU.ActiveCfg = Debug|Any CPU
		{7AC2E549-B7D7-45C6-991D-3D76483DF91D}.Debug|Any CPU.Build.0 = Debug|Any CPU
		{7AC2E549-B7D7-45C6-991D-3D76483DF91D}.Release|Any CPU.ActiveCfg = Release|Any CPU
		{7AC2E549-B7D7-45C6-991D-3D76483DF91D}.Release|Any CPU.Build.0 = Release|Any CPU
		{708FF28C-6720-41FC-918A-53B9B1B7F513}.Debug|Any CPU.ActiveCfg = Debug|Any CPU
		{708FF28C-6720-41FC-918A-53B9B1B7F513}.Debug|Any CPU.Build.0 = Debug|Any CPU
		{708FF28C-6720-41FC-918A-53B9B1B7F513}.Release|Any CPU.ActiveCfg = Release|Any CPU
		{708FF28C-6720-41FC-918A-53B9B1B7F513}.Release|Any CPU.Build.0 = Release|Any CPU
		{8010EA69-2F2D-4BEB-B64C-DF36BCD420AB}.Debug|Any CPU.ActiveCfg = Debug|Any CPU
		{8010EA69-2F2D-4BEB-B64C-DF36BCD420AB}.Debug|Any CPU.Build.0 = Debug|Any CPU
		{8010EA69-2F2D-4BEB-B64C-DF36BCD420AB}.Release|Any CPU.ActiveCfg = Release|Any CPU
		{8010EA69-2F2D-4BEB-B64C-DF36BCD420AB}.Release|Any CPU.Build.0 = Release|Any CPU
	EndGlobalSection
	GlobalSection(SolutionProperties) = preSolution
		HideSolutionNode = FALSE
	EndGlobalSection
	GlobalSection(ExtensibilityGlobals) = postSolution
		SolutionGuid = {29A608DE-53F9-4CD6-9B6A-A6782DBBBE39}
	EndGlobalSection
EndGlobal
